
Microsoft Visual Studio Solution File, Format Version 12.00
# Visual Studio Version 17
VisualStudioVersion = 17.0.31808.319
MinimumVisualStudioVersion = 10.0.40219.1
Project("{FAE04EC0-301F-11D3-BF4B-00C04F79EFBC}") = "MSBA", "MSBA\MSBA.csproj", "{DB891D7B-B289-4CC4-88D1-881F9F773F6B}"
EndProject
Global
	GlobalSection(SolutionConfigurationPlatforms) = preSolution
		Debug|Any CPU = Debug|Any CPU
		Release|Any CPU = Release|Any CPU
	EndGlobalSection
	GlobalSection(ProjectConfigurationPlatforms) = postSolution
		{DB891D7B-B289-4CC4-88D1-881F9F773F6B}.Debug|Any CPU.ActiveCfg = Debug|Any CPU
		{DB891D7B-B289-4CC4-88D1-881F9F773F6B}.Debug|Any CPU.Build.0 = Debug|Any CPU
		{DB891D7B-B289-4CC4-88D1-881F9F773F6B}.Release|Any CPU.ActiveCfg = Release|Any CPU
		{DB891D7B-B289-4CC4-88D1-881F9F773F6B}.Release|Any CPU.Build.0 = Release|Any CPU
	EndGlobalSection
	GlobalSection(SolutionProperties) = preSolution
		HideSolutionNode = FALSE
	EndGlobalSection
	GlobalSection(ExtensibilityGlobals) = postSolution
		SolutionGuid = {654FA7B7-F538-4667-BF0D-7D3CF5510274}
	EndGlobalSection
EndGlobal
